{
  "nodes": {
    "helix-config": {
      "flake": false,
      "locked": {
        "lastModified": 1762942532,
        "narHash": "sha256-+nbmiLLxy4dBG7ukCBLBRfynrCHYzTPoaoRGd+Hti3w=",
        "owner": "nicolasgermann",
        "repo": "helix_config",
        "rev": "a474645a4a4c2e00af7bb859fba20e23b6b6aa20",
        "type": "github"
      },
      "original": {
        "owner": "nicolasgermann",
        "repo": "helix_config",
        "type": "github"
      }
    },
    "nixpkgs": {
      "locked": {
        "lastModified": 1762941178,
        "narHash": "sha256-FWIT9bVUufuDAAQDnnD/YvbXXsK0nn9Bj4eNglbbKHY=",
        "owner": "nixos",
        "repo": "nixpkgs",
        "rev": "6a0ba0ccbe0442cf276f36bca4f50003f05bfc91",
        "type": "github"
      },
      "original": {
        "owner": "nixos",
        "repo": "nixpkgs",
        "type": "github"
      }
    },
    "nvim-config": {
      "flake": false,
      "locked": {
        "lastModified": 1762171036,
        "narHash": "sha256-R9XKLYVz5xlGwLDUQpqHrFWCRsnHCF1iSUnmROHrntI=",
        "owner": "nicolasgermann",
        "repo": "nvim_config",
        "rev": "129585b4721c6d6062536ea9414aff965ff0dad6",
        "type": "github"
      },
      "original": {
        "owner": "nicolasgermann",
        "repo": "nvim_config",
        "type": "github"
      }
    },
    "root": {
      "inputs": {
        "helix-config": "helix-config",
        "nixpkgs": "nixpkgs",
        "nvim-config": "nvim-config",
        "zellij-config": "zellij-config"
      }
    },
    "zellij-config": {
      "flake": false,
      "locked": {
        "lastModified": 1761164948,
        "narHash": "sha256-lt8yb4zeNZv602SKz1OiCDOmCSeen4jRrMX8rmDoKRI=",
        "owner": "nicolasgermann",
        "repo": "zellij_config",
        "rev": "20a629808dfb14599e20c6d101511def7697297e",
        "type": "github"
      },
      "original": {
        "owner": "nicolasgermann",
        "repo": "zellij_config",
        "type": "github"
      }
    }
  },
  "root": "root",
  "version": 7
}
