{
  "nodes": {
    "helix-config": {
      "flake": false,
      "locked": {
        "lastModified": 1758892955,
        "narHash": "sha256-CkevNUdNguWieHnm6ZJhAlZ3Nt2SnUjl3fbBNx5VELc=",
        "owner": "nicolasgermann",
        "repo": "helix_config",
        "rev": "5463c9c3e88735d7b4eec13fdcfde3f19cb2681b",
        "type": "github"
      },
      "original": {
        "owner": "nicolasgermann",
        "repo": "helix_config",
        "type": "github"
      }
    },
    "nixpkgs": {
      "locked": {
        "lastModified": 1762171249,
        "narHash": "sha256-K5O6ravk3MJzR3JTc5edaZxhgKMZ9OodeGljgCEcoho=",
        "owner": "nixos",
        "repo": "nixpkgs",
        "rev": "90dec067d09ee9b02f817063f480b395ba81039e",
        "type": "github"
      },
      "original": {
        "owner": "nixos",
        "repo": "nixpkgs",
        "type": "github"
      }
    },
    "nvim-config": {
      "flake": false,
      "locked": {
        "lastModified": 1762171036,
        "narHash": "sha256-R9XKLYVz5xlGwLDUQpqHrFWCRsnHCF1iSUnmROHrntI=",
        "owner": "nicolasgermann",
        "repo": "nvim_config",
        "rev": "129585b4721c6d6062536ea9414aff965ff0dad6",
        "type": "github"
      },
      "original": {
        "owner": "nicolasgermann",
        "repo": "nvim_config",
        "type": "github"
      }
    },
    "root": {
      "inputs": {
        "helix-config": "helix-config",
        "nixpkgs": "nixpkgs",
        "nvim-config": "nvim-config",
        "zellij-config": "zellij-config"
      }
    },
    "zellij-config": {
      "flake": false,
      "locked": {
        "lastModified": 1761164948,
        "narHash": "sha256-lt8yb4zeNZv602SKz1OiCDOmCSeen4jRrMX8rmDoKRI=",
        "owner": "nicolasgermann",
        "repo": "zellij_config",
        "rev": "20a629808dfb14599e20c6d101511def7697297e",
        "type": "github"
      },
      "original": {
        "owner": "nicolasgermann",
        "repo": "zellij_config",
        "type": "github"
      }
    }
  },
  "root": "root",
  "version": 7
}
